{
  "version": 4,
  "terraform_version": "1.2.6",
  "serial": 159,
  "lineage": "be03dfad-9025-a931-fe86-2aecdfcbd5d5",
  "outputs": {},
  "resources": [
    {
      "mode": "managed",
      "type": "proxmox_vm_qemu",
      "name": "rocky8-k8s-kubespray-masters",
      "provider": "provider[\"registry.terraform.io/telmate/proxmox\"]",
      "instances": [
        {
          "index_key": "m1",
          "schema_version": 0,
          "attributes": {
            "additional_wait": 0,
            "agent": 1,
            "args": "",
            "automatic_reboot": true,
            "balloon": 2048,
            "bios": "seabios",
            "boot": "c",
            "bootdisk": "",
            "bridge": "",
            "ci_wait": null,
            "cicustom": "",
            "cipassword": "",
            "ciuser": "",
            "clone": "rocky-8-template",
            "clone_wait": 0,
            "cloudinit_cdrom_storage": null,
            "cores": 4,
            "cpu": "host",
            "default_ipv4_address": "192.168.1.161",
            "define_connection_info": true,
            "desc": "k8s-mast-01.perihelion.host",
            "disk": [
              {
                "aio": "",
                "backup": 0,
                "cache": "none",
                "discard": "",
                "file": "vm-102-disk-0",
                "format": "raw",
                "iothread": 0,
                "mbps": 0,
                "mbps_rd": 0,
                "mbps_rd_max": 0,
                "mbps_wr": 0,
                "mbps_wr_max": 0,
                "media": "",
                "replicate": 0,
                "size": "50G",
                "slot": 0,
                "ssd": 0,
                "storage": "vm-pool",
                "storage_type": "rbd",
                "type": "virtio",
                "volume": "vm-pool:vm-102-disk-0"
              }
            ],
            "disk_gb": 0,
            "force_create": false,
            "force_recreate_on_change_of": null,
            "full_clone": true,
            "guest_agent_ready_timeout": 100,
            "hagroup": "",
            "hastate": "",
            "hotplug": "network,disk,usb",
            "id": "pve01/qemu/102",
            "ipconfig0": "ip=192.168.1.161/24,gw=192.168.1.1",
            "ipconfig1": "",
            "ipconfig2": "",
            "ipconfig3": "",
            "ipconfig4": "",
            "ipconfig5": "",
            "iso": null,
            "kvm": true,
            "mac": "",
            "memory": 12288,
            "name": "k8s-mast-01.perihelion.host",
            "nameserver": "",
            "network": [
              {
                "bridge": "vmbr0",
                "firewall": false,
                "link_down": false,
                "macaddr": "32:23:DB:AB:5F:87",
                "model": "virtio",
                "queues": 0,
                "rate": 0,
                "tag": -1
              }
            ],
            "nic": "",
            "numa": false,
            "onboot": false,
            "oncreate": true,
            "os_network_config": null,
            "os_type": "cloud-init",
            "pool": "",
            "preprovision": true,
            "qemu_os": "l26",
            "reboot_required": false,
            "scsihw": "virtio-scsi-pci",
            "searchdomain": "",
            "serial": [],
            "sockets": 1,
            "ssh_forward_ip": null,
            "ssh_host": "192.168.1.161",
            "ssh_port": "22",
            "ssh_private_key": null,
            "ssh_user": "root",
            "sshkeys": "",
            "storage": "",
            "storage_type": "",
            "tablet": true,
            "tags": "",
            "target_node": "pve01",
            "timeouts": null,
            "unused_disk": [],
            "vcpus": 0,
            "vga": [],
            "vlan": -1,
            "vmid": null
          },
          "sensitive_attributes": [],
          "private": "eyJlMmJmYjczMC1lY2FhLTExZTYtOGY4OC0zNDM2M2JjN2M0YzAiOnsiY3JlYXRlIjozMDAwMDAwMDAwMDAsImRlZmF1bHQiOjMwMDAwMDAwMDAwMCwiZGVsZXRlIjoxODAwMDAwMDAwMDAsInJlYWQiOjE4MDAwMDAwMDAwMCwidXBkYXRlIjoxODAwMDAwMDAwMDB9fQ=="
        }
      ]
    },
    {
      "mode": "managed",
      "type": "proxmox_vm_qemu",
      "name": "rocky8-k8s-kubespray-workers",
      "provider": "provider[\"registry.terraform.io/telmate/proxmox\"]",
      "instances": [
        {
          "index_key": "w1",
          "schema_version": 0,
          "attributes": {
            "additional_wait": 0,
            "agent": 1,
            "args": "",
            "automatic_reboot": true,
            "balloon": 2048,
            "bios": "seabios",
            "boot": "c",
            "bootdisk": "",
            "bridge": "",
            "ci_wait": null,
            "cicustom": "",
            "cipassword": "",
            "ciuser": "",
            "clone": "rocky-8-template",
            "clone_wait": 0,
            "cloudinit_cdrom_storage": null,
            "cores": 6,
            "cpu": "host",
            "default_ipv4_address": "192.168.1.162",
            "define_connection_info": true,
            "desc": "k8s-wk-01.perihelion.host",
            "disk": [
              {
                "aio": "",
                "backup": 0,
                "cache": "none",
                "discard": "",
                "file": "vm-101-disk-0",
                "format": "raw",
                "iothread": 0,
                "mbps": 0,
                "mbps_rd": 0,
                "mbps_rd_max": 0,
                "mbps_wr": 0,
                "mbps_wr_max": 0,
                "media": "",
                "replicate": 0,
                "size": "50G",
                "slot": 0,
                "ssd": 0,
                "storage": "vm-pool",
                "storage_type": "rbd",
                "type": "virtio",
                "volume": "vm-pool:vm-101-disk-0"
              }
            ],
            "disk_gb": 0,
            "force_create": false,
            "force_recreate_on_change_of": null,
            "full_clone": true,
            "guest_agent_ready_timeout": 100,
            "hagroup": "",
            "hastate": "",
            "hotplug": "network,disk,usb",
            "id": "pve01/qemu/101",
            "ipconfig0": "ip=192.168.1.162/24,gw=192.168.1.1",
            "ipconfig1": "",
            "ipconfig2": "",
            "ipconfig3": "",
            "ipconfig4": "",
            "ipconfig5": "",
            "iso": null,
            "kvm": true,
            "mac": "",
            "memory": 16384,
            "name": "k8s-wk-01.perihelion.host",
            "nameserver": "",
            "network": [
              {
                "bridge": "vmbr0",
                "firewall": false,
                "link_down": false,
                "macaddr": "02:2E:A5:2C:81:DC",
                "model": "virtio",
                "queues": 0,
                "rate": 0,
                "tag": -1
              }
            ],
            "nic": "",
            "numa": false,
            "onboot": false,
            "oncreate": true,
            "os_network_config": null,
            "os_type": "cloud-init",
            "pool": "",
            "preprovision": true,
            "qemu_os": "l26",
            "reboot_required": false,
            "scsihw": "virtio-scsi-pci",
            "searchdomain": "",
            "serial": [],
            "sockets": 1,
            "ssh_forward_ip": null,
            "ssh_host": "192.168.1.162",
            "ssh_port": "22",
            "ssh_private_key": null,
            "ssh_user": "root",
            "sshkeys": "",
            "storage": "",
            "storage_type": "",
            "tablet": true,
            "tags": "",
            "target_node": "pve01",
            "timeouts": null,
            "unused_disk": [],
            "vcpus": 0,
            "vga": [],
            "vlan": -1,
            "vmid": null
          },
          "sensitive_attributes": [],
          "private": "eyJlMmJmYjczMC1lY2FhLTExZTYtOGY4OC0zNDM2M2JjN2M0YzAiOnsiY3JlYXRlIjozMDAwMDAwMDAwMDAsImRlZmF1bHQiOjMwMDAwMDAwMDAwMCwiZGVsZXRlIjoxODAwMDAwMDAwMDAsInJlYWQiOjE4MDAwMDAwMDAwMCwidXBkYXRlIjoxODAwMDAwMDAwMDB9fQ=="
        },
        {
          "index_key": "w2",
          "schema_version": 0,
          "attributes": {
            "additional_wait": 0,
            "agent": 1,
            "args": "",
            "automatic_reboot": true,
            "balloon": 2048,
            "bios": "seabios",
            "boot": "c",
            "bootdisk": "",
            "bridge": "",
            "ci_wait": null,
            "cicustom": "",
            "cipassword": "",
            "ciuser": "",
            "clone": "rocky-8-template",
            "clone_wait": 0,
            "cloudinit_cdrom_storage": null,
            "cores": 6,
            "cpu": "host",
            "default_ipv4_address": "192.168.1.163",
            "define_connection_info": true,
            "desc": "k8s-wk-02.perihelion.host",
            "disk": [
              {
                "aio": "",
                "backup": 0,
                "cache": "none",
                "discard": "",
                "file": "vm-100-disk-0",
                "format": "raw",
                "iothread": 0,
                "mbps": 0,
                "mbps_rd": 0,
                "mbps_rd_max": 0,
                "mbps_wr": 0,
                "mbps_wr_max": 0,
                "media": "",
                "replicate": 0,
                "size": "50G",
                "slot": 0,
                "ssd": 0,
                "storage": "vm-pool",
                "storage_type": "rbd",
                "type": "virtio",
                "volume": "vm-pool:vm-100-disk-0"
              }
            ],
            "disk_gb": 0,
            "force_create": false,
            "force_recreate_on_change_of": null,
            "full_clone": true,
            "guest_agent_ready_timeout": 100,
            "hagroup": "",
            "hastate": "",
            "hotplug": "network,disk,usb",
            "id": "pve01/qemu/100",
            "ipconfig0": "ip=192.168.1.163/24,gw=192.168.1.1",
            "ipconfig1": "",
            "ipconfig2": "",
            "ipconfig3": "",
            "ipconfig4": "",
            "ipconfig5": "",
            "iso": null,
            "kvm": true,
            "mac": "",
            "memory": 20480,
            "name": "k8s-wk-02.perihelion.host",
            "nameserver": "",
            "network": [
              {
                "bridge": "vmbr0",
                "firewall": false,
                "link_down": false,
                "macaddr": "62:27:97:2A:DC:C5",
                "model": "virtio",
                "queues": 0,
                "rate": 0,
                "tag": -1
              }
            ],
            "nic": "",
            "numa": false,
            "onboot": false,
            "oncreate": true,
            "os_network_config": null,
            "os_type": "cloud-init",
            "pool": "",
            "preprovision": true,
            "qemu_os": "l26",
            "reboot_required": false,
            "scsihw": "virtio-scsi-pci",
            "searchdomain": "",
            "serial": [],
            "sockets": 1,
            "ssh_forward_ip": null,
            "ssh_host": "192.168.1.163",
            "ssh_port": "22",
            "ssh_private_key": null,
            "ssh_user": "root",
            "sshkeys": "",
            "storage": "",
            "storage_type": "",
            "tablet": true,
            "tags": "",
            "target_node": "pve01",
            "timeouts": null,
            "unused_disk": [],
            "vcpus": 0,
            "vga": [],
            "vlan": -1,
            "vmid": null
          },
          "sensitive_attributes": [],
          "private": "eyJlMmJmYjczMC1lY2FhLTExZTYtOGY4OC0zNDM2M2JjN2M0YzAiOnsiY3JlYXRlIjozMDAwMDAwMDAwMDAsImRlZmF1bHQiOjMwMDAwMDAwMDAwMCwiZGVsZXRlIjoxODAwMDAwMDAwMDAsInJlYWQiOjE4MDAwMDAwMDAwMCwidXBkYXRlIjoxODAwMDAwMDAwMDB9fQ=="
        }
      ]
    }
  ]
}
